
Microsoft Visual Studio Solution File, Format Version 12.00
# Visual Studio 14
VisualStudioVersion = 14.0.25420.1
MinimumVisualStudioVersion = 10.0.40219.1
Project("{FAE04EC0-301F-11D3-BF4B-00C04F79EFBC}") = "MyLibrary", "MyLibrary\MyLibrary.csproj", "{513CBD18-8EF8-4641-BF4B-79A1D542F6C5}"
EndProject
Project("{FAE04EC0-301F-11D3-BF4B-00C04F79EFBC}") = "MyLibrary.BL", "MyLibrary.BL\MyLibrary.BL.csproj", "{6F95508B-2160-4DDF-9428-C12A4B4F6EF4}"
EndProject
Project("{FAE04EC0-301F-11D3-BF4B-00C04F79EFBC}") = "MyLibrary.DAL", "MyLibrary.DAL\MyLibrary.DAL.csproj", "{9E38CAC3-5370-442B-A698-F934A82E8C4C}"
EndProject
Global
	GlobalSection(SolutionConfigurationPlatforms) = preSolution
		Debug|Any CPU = Debug|Any CPU
		Release|Any CPU = Release|Any CPU
	EndGlobalSection
	GlobalSection(ProjectConfigurationPlatforms) = postSolution
		{513CBD18-8EF8-4641-BF4B-79A1D542F6C5}.Debug|Any CPU.ActiveCfg = Debug|Any CPU
		{513CBD18-8EF8-4641-BF4B-79A1D542F6C5}.Debug|Any CPU.Build.0 = Debug|Any CPU
		{513CBD18-8EF8-4641-BF4B-79A1D542F6C5}.Release|Any CPU.ActiveCfg = Release|Any CPU
		{513CBD18-8EF8-4641-BF4B-79A1D542F6C5}.Release|Any CPU.Build.0 = Release|Any CPU
		{6F95508B-2160-4DDF-9428-C12A4B4F6EF4}.Debug|Any CPU.ActiveCfg = Debug|Any CPU
		{6F95508B-2160-4DDF-9428-C12A4B4F6EF4}.Debug|Any CPU.Build.0 = Debug|Any CPU
		{6F95508B-2160-4DDF-9428-C12A4B4F6EF4}.Release|Any CPU.ActiveCfg = Release|Any CPU
		{6F95508B-2160-4DDF-9428-C12A4B4F6EF4}.Release|Any CPU.Build.0 = Release|Any CPU
		{9E38CAC3-5370-442B-A698-F934A82E8C4C}.Debug|Any CPU.ActiveCfg = Debug|Any CPU
		{9E38CAC3-5370-442B-A698-F934A82E8C4C}.Debug|Any CPU.Build.0 = Debug|Any CPU
		{9E38CAC3-5370-442B-A698-F934A82E8C4C}.Release|Any CPU.ActiveCfg = Release|Any CPU
		{9E38CAC3-5370-442B-A698-F934A82E8C4C}.Release|Any CPU.Build.0 = Release|Any CPU
	EndGlobalSection
	GlobalSection(SolutionProperties) = preSolution
		HideSolutionNode = FALSE
	EndGlobalSection
EndGlobal
